github.com/dlclark/regexp2/v2 v2.0.1 h1:eaQ7GE11jgSwLMM5BQ9BerbAXI3TLq+Y6o53V6z2tlw=
github.com/dlclark/regexp2/v2 v2.0.1/go.mod h1:Bz5TMy5d8fPK0ximH0Yi9KvsRHNnvXqUx9XG6a4wB+I=
github.com/goccmack/gocc v1.0.2 h1:PHv20lcM1Erz+kovS+c07DnDFp6X5cvghndtTXuEyfE=
github.com/goccmack/gocc v1.0.2/go.mod h1:LXX2tFVUggS/Zgx/ICPOr3MLyusuM7EcbfkPvNsjdO8=
github.com/jtacoma/uritemplates v1.0.0 h1:xwx5sBF7pPAb0Uj8lDC1Q/aBPpOFyQza7OC705ZlLCo=
github.com/jtacoma/uritemplates v1.0.0/go.mod h1:IhIICdE9OcvgUnGwTtJxgBQ+VrTrti5PcbLVSJianO8=
github.com/katydid/parser-go v0.8.7 h1:mopBpRzJctDA6lkN8VZDdLgXwKcJVPQI2MASAwBr7XA=
github.com/katydid/parser-go v0.8.7/go.mod h1:e6PzxUlxRtkeyCMHQW7l+xG6/r/3edg14k2KK4l2WL4=
github.com/katydid/parser-go-json v0.5.6 h1:ToD247CN9tzPTC5qwsVdk0l64PoU6tWKm5ued9vnTWY=
github.com/katydid/parser-go-json v0.5.6/go.mod h1:mOmOFzPcDmD9rzyJnX8QGCfcXFQ/iRDEG6r4iMIfzOM=
github.com/katydid/parser-go-reflect v0.3.4 h1:MgpSZ3ouSyo9l4XbA3euPSGF6bQxUQM1zOsP5WwExBQ=
github.com/katydid/parser-go-reflect v0.3.4/go.mod h1:BzAcSjiwujz6gX+GmzxMNXYXVnbSRgJizX0pzjceCKg=
github.com/katydid/validator-go v0.6.5-0.20260617150113-a0ac3afd4069 h1:/GGqMn+2SKKzbx6I9F2A7eGmR5CLHvEz2bNPMKEnnTI=
github.com/katydid/validator-go v0.6.5-0.20260617150113-a0ac3afd4069/go.mod h1:JYsBaEUMMB8nXzLqLuJ8LoYgNlIi+FDN1/8EERBHanw=
github.com/katydid/validator-go v0.6.5-0.20260618134830-58451504ee4d h1:7Jkak7Xm1ECrm4KXNLIDd9bBFIViFDi3qjTcH9lfmG8=
github.com/katydid/validator-go v0.6.5-0.20260618134830-58451504ee4d/go.mod h1:JYsBaEUMMB8nXzLqLuJ8LoYgNlIi+FDN1/8EERBHanw=
github.com/katydid/validator-go v0.6.5-0.20260618174636-7537c52e7a69 h1:tmoibAQuSvqyyh46tQg0q15S3/tmkrU7duMj+6pFhm8=
github.com/katydid/validator-go v0.6.5-0.20260618174636-7537c52e7a69/go.mod h1:JYsBaEUMMB8nXzLqLuJ8LoYgNlIi+FDN1/8EERBHanw=
github.com/katydid/validator-go v0.6.5-0.20260618183202-b25156b46ea2 h1:QFwE997Fop62h8TsFR2t9lgSfuQd9I+zj45RTMyNgCA=
github.com/katydid/validator-go v0.6.5-0.20260618183202-b25156b46ea2/go.mod h1:JYsBaEUMMB8nXzLqLuJ8LoYgNlIi+FDN1/8EERBHanw=
github.com/katydid/validator-go v0.6.5-0.20260619060304-7f1c8a949699 h1:TduOcbFwwYXgVxei6L7kQlPN9k6+5BYBWFiEYXLbYys=
github.com/katydid/validator-go v0.6.5-0.20260619060304-7f1c8a949699/go.mod h1:JYsBaEUMMB8nXzLqLuJ8LoYgNlIi+FDN1/8EERBHanw=
github.com/katydid/validator-go v0.6.5-0.20260619060818-aa8c0c1dd2d3 h1:9E42Pol6+Nm/JeLv8um1NI5U3PgHrMpBHZGPyngIgMY=
github.com/katydid/validator-go v0.6.5-0.20260619060818-aa8c0c1dd2d3/go.mod h1:JYsBaEUMMB8nXzLqLuJ8LoYgNlIi+FDN1/8EERBHanw=
github.com/katydid/validator-go v0.6.5-0.20260619062602-658ee8b1675e h1:7DSq6FHymSkpXQhztiP8jnUymEymqViUKJUV7+bq6nE=
github.com/katydid/validator-go v0.6.5-0.20260619062602-658ee8b1675e/go.mod h1:JYsBaEUMMB8nXzLqLuJ8LoYgNlIi+FDN1/8EERBHanw=
github.com/katydid/validator-go v0.6.5-0.20260619071614-0357cb4fb1c4 h1:BoW1Api+3YVan2f0r3t7LwPyQN+IQYVs/ClDkvFus+A=
github.com/katydid/validator-go v0.6.5-0.20260619071614-0357cb4fb1c4/go.mod h1:JYsBaEUMMB8nXzLqLuJ8LoYgNlIi+FDN1/8EERBHanw=
github.com/katydid/validator-go v0.6.5-0.20260619074058-b3cff050f463 h1:Cp96EKUAqW/Y/7kNDu4ESopKZCGmB58Vzj++noQy92Y=
github.com/katydid/validator-go v0.6.5-0.20260619074058-b3cff050f463/go.mod h1:JYsBaEUMMB8nXzLqLuJ8LoYgNlIi+FDN1/8EERBHanw=
github.com/katydid/validator-go v0.6.5-0.20260619074449-0e30549c8d55 h1:tuh8z4wI8nlDA5Zk1JtdpNXldURcMLLvCLBtRg5Ling=
github.com/katydid/validator-go v0.6.5-0.20260619074449-0e30549c8d55/go.mod h1:JYsBaEUMMB8nXzLqLuJ8LoYgNlIi+FDN1/8EERBHanw=
github.com/katydid/validator-go v0.6.5-0.20260619075609-d9dfc0c1983b h1:twLWKeowFXtvhpYpc7Xg7X2vgiuI0ttIAJSR+UneMcg=
github.com/katydid/validator-go v0.6.5-0.20260619075609-d9dfc0c1983b/go.mod h1:JYsBaEUMMB8nXzLqLuJ8LoYgNlIi+FDN1/8EERBHanw=
github.com/katydid/validator-go v0.6.5-0.20260622062257-bc445e5aee9b h1:2TK2EOqtFGnU8WWcdMbTQP9oE0u/MzRXIL8KDzo+hhI=
github.com/katydid/validator-go v0.6.5-0.20260622062257-bc445e5aee9b/go.mod h1:JYsBaEUMMB8nXzLqLuJ8LoYgNlIi+FDN1/8EERBHanw=
github.com/katydid/validator-go v0.6.5-0.20260622065343-7f75dccaaaf6 h1:bMsTBMSNQkz1R0prTzprMdDgmBDloWaAiQnXDLrQLnA=
github.com/katydid/validator-go v0.6.5-0.20260622065343-7f75dccaaaf6/go.mod h1:JYsBaEUMMB8nXzLqLuJ8LoYgNlIi+FDN1/8EERBHanw=
github.com/qri-io/jsonpointer v0.1.1 h1:prVZBZLL6TW5vsSB9fFHFAMBLI4b0ri5vribQlTJiBA=
github.com/qri-io/jsonpointer v0.1.1/go.mod h1:DnJPaYgiKu56EuDp8TU5wFLdZIcAnb/uH9v37ZaMV64=
golang.org/x/mod v0.8.0 h1:LUYupSeNrTNCGzR/hVBk2NHZO4hXcVaW1k4Qx7rjPx8=
golang.org/x/mod v0.8.0/go.mod h1:iBbtSCu2XBx23ZKBPSOrRkjjQPZFPuis4dIYUhu/chs=
