github.com/dlclark/regexp2/v2 v2.0.1 h1:eaQ7GE11jgSwLMM5BQ9BerbAXI3TLq+Y6o53V6z2tlw=
github.com/dlclark/regexp2/v2 v2.0.1/go.mod h1:Bz5TMy5d8fPK0ximH0Yi9KvsRHNnvXqUx9XG6a4wB+I=
github.com/goccmack/gocc v1.0.2 h1:PHv20lcM1Erz+kovS+c07DnDFp6X5cvghndtTXuEyfE=
github.com/goccmack/gocc v1.0.2/go.mod h1:LXX2tFVUggS/Zgx/ICPOr3MLyusuM7EcbfkPvNsjdO8=
github.com/katydid/parser-go v0.8.5 h1:nybzT6/bTY0gPYWTMujmrjddX2QEFZgq8mBsBGsngzM=
github.com/katydid/parser-go v0.8.5/go.mod h1:e6PzxUlxRtkeyCMHQW7l+xG6/r/3edg14k2KK4l2WL4=
github.com/katydid/parser-go-json v0.5.2 h1:3QfhMKC1oRWA9BbS+QA1LjWCbhRI25Wr2QS2o/iGPIY=
github.com/katydid/parser-go-json v0.5.2/go.mod h1:t+K8lXmZ3KwDt/Qf1mmcmxnR3hjgfjbWR3x/ypHg0s4=
github.com/katydid/parser-go-reflect v0.3.0 h1:K0tMs6C56RYGtywtWZgNKel9q8MFUXR+hSC4z0S30gY=
github.com/katydid/parser-go-reflect v0.3.0/go.mod h1:iyvC2cj+5iwPJrJB2zcT3klHUetRmVni3sV/dw5FtNs=
github.com/katydid/validator-go v0.6.5-0.20260505091559-a2361ad2f1d6 h1:85Z4eoV7kRbDeNfRDDpD3GpGcGDnb4i/i4Gz5fWjX3s=
github.com/katydid/validator-go v0.6.5-0.20260505091559-a2361ad2f1d6/go.mod h1:n3yOuUQrn4vQtbV+Hq9OjK0xZ2ggQmDtxY8/zEgab8s=
github.com/katydid/validator-go v0.6.5-0.20260506123921-2b9e65ac1356 h1:x0duwqQRD0UIO8tlWQ+qGv0RENeLRDOHzcZ9Hvp3SBQ=
github.com/katydid/validator-go v0.6.5-0.20260506123921-2b9e65ac1356/go.mod h1:n3yOuUQrn4vQtbV+Hq9OjK0xZ2ggQmDtxY8/zEgab8s=
github.com/katydid/validator-go v0.6.5-0.20260507072313-f01a583f31d9 h1:P5qU86f4nGHtR6yMYIwIoA2S0AAS/OPvoIxC9VKpulw=
github.com/katydid/validator-go v0.6.5-0.20260507072313-f01a583f31d9/go.mod h1:04OOMFNCoUTNgdxxTPaeUNL6FBd6EmPkmVSgqSGGa70=
github.com/katydid/validator-go v0.6.5-0.20260507174033-9abe986865a4 h1:3Cb+Sq4TBLB3U/dQtqNa/ztNmR2GiHjKdXnTlIk7yD0=
github.com/katydid/validator-go v0.6.5-0.20260507174033-9abe986865a4/go.mod h1:04OOMFNCoUTNgdxxTPaeUNL6FBd6EmPkmVSgqSGGa70=
golang.org/x/mod v0.8.0 h1:LUYupSeNrTNCGzR/hVBk2NHZO4hXcVaW1k4Qx7rjPx8=
golang.org/x/mod v0.8.0/go.mod h1:iBbtSCu2XBx23ZKBPSOrRkjjQPZFPuis4dIYUhu/chs=
